
Microsoft Visual Studio Solution File, Format Version 12.00
# Visual Studio 2013
VisualStudioVersion = 12.0.31101.0
MinimumVisualStudioVersion = 10.0.40219.1
Project("{FAE04EC0-301F-11D3-BF4B-00C04F79EFBC}") = "Battle Param Editor", "Battle Param Editor.csproj", "{D8F860E5-C6B5-4E49-B0F1-8BAEB3D6375A}"
EndProject
Global
	GlobalSection(SolutionConfigurationPlatforms) = preSolution
		Debug|Any CPU = Debug|Any CPU
		Public Release|Any CPU = Public Release|Any CPU
		Release|Any CPU = Release|Any CPU
	EndGlobalSection
	GlobalSection(ProjectConfigurationPlatforms) = postSolution
		{D8F860E5-C6B5-4E49-B0F1-8BAEB3D6375A}.Debug|Any CPU.ActiveCfg = Debug|Any CPU
		{D8F860E5-C6B5-4E49-B0F1-8BAEB3D6375A}.Debug|Any CPU.Build.0 = Debug|Any CPU
		{D8F860E5-C6B5-4E49-B0F1-8BAEB3D6375A}.Public Release|Any CPU.ActiveCfg = Public Release|Any CPU
		{D8F860E5-C6B5-4E49-B0F1-8BAEB3D6375A}.Public Release|Any CPU.Build.0 = Public Release|Any CPU
		{D8F860E5-C6B5-4E49-B0F1-8BAEB3D6375A}.Release|Any CPU.ActiveCfg = Release|Any CPU
		{D8F860E5-C6B5-4E49-B0F1-8BAEB3D6375A}.Release|Any CPU.Build.0 = Release|Any CPU
	EndGlobalSection
	GlobalSection(SolutionProperties) = preSolution
		HideSolutionNode = FALSE
	EndGlobalSection
EndGlobal
